{
  "name": "rascanner-firmware",
  "version": "1.0.0",
  "lockfileVersion": 1,
  "requires": true,
  "dependencies": {
    "lsof": {
      "version": "0.1.0",
      "resolved": "https://registry.npmjs.org/lsof/-/lsof-0.1.0.tgz",
      "integrity": "sha1-rALU2HYGIB8TZLr7FcSRz9WuMJI="
    },
    "network-sniffer": {
      "version": "0.1.0",
      "resolved": "https://registry.npmjs.org/network-sniffer/-/network-sniffer-0.1.0.tgz",
      "integrity": "sha1-5+V7A385Q11o9ja7bKa0HOhGg04=",
      "requires": {
        "lsof": "^0.1.0"
      }
    }
  }
}
